{
  "requires": true,
  "lockfileVersion": 1,
  "dependencies": {
    "bluebird": {
      "version": "3.5.3",
      "resolved": "https://registry.npmjs.org/bluebird/-/bluebird-3.5.3.tgz",
      "integrity": "sha512-/qKPUQlaW1OyR51WeCPBvRnAlnZFUJkCSG5HzGnuIqhgyJtF+T94lFnn33eiazjRm2LAHVy2guNnaq48X9SJuw=="
    },
    "buffer-dataview": {
      "version": "0.0.2",
      "resolved": "https://registry.npmjs.org/buffer-dataview/-/buffer-dataview-0.0.2.tgz",
      "integrity": "sha1-8r5+4prCRD/zcG3e90bHXP5lB+E="
    },
    "mdict": {
      "version": "1.0.2",
      "resolved": "https://registry.npmjs.org/mdict/-/mdict-1.0.2.tgz",
      "integrity": "sha1-ahGLTuOlVM7p1tKQlt9aAY4V59M=",
      "requires": {
        "bluebird": "^3.4.7",
        "buffer-dataview": "0.0.2",
        "pako": "^1.0.4",
        "text-encoding": "^0.6.4",
        "xmldom": "^0.1.27"
      }
    },
    "pako": {
      "version": "1.0.7",
      "resolved": "https://registry.npmjs.org/pako/-/pako-1.0.7.tgz",
      "integrity": "sha512-3HNK5tW4x8o5mO8RuHZp3Ydw9icZXx0RANAOMzlMzx7LVXhMJ4mo3MOBpzyd7r/+RUu8BmndP47LXT+vzjtWcQ=="
    },
    "text-encoding": {
      "version": "0.6.4",
      "resolved": "http://registry.npmjs.org/text-encoding/-/text-encoding-0.6.4.tgz",
      "integrity": "sha1-45mpgiV6J22uQou5KEXLcb3CbRk="
    },
    "xmldom": {
      "version": "0.1.27",
      "resolved": "https://registry.npmjs.org/xmldom/-/xmldom-0.1.27.tgz",
      "integrity": "sha1-1QH5ezvbQDr4757MIFcxh6rawOk="
    }
  }
}
